
Microsoft Visual Studio Solution File, Format Version 12.00
# Visual Studio Version 17
VisualStudioVersion = 17.2.32630.192
MinimumVisualStudioVersion = 10.0.40219.1
Project("{FAE04EC0-301F-11D3-BF4B-00C04F79EFBC}") = "EmployeePayrll", "EmployeePayrll\EmployeePayrll.csproj", "{EEF49B53-0182-41DB-AE2C-073645F67DA3}"
EndProject
Global
	GlobalSection(SolutionConfigurationPlatforms) = preSolution
		Debug|Any CPU = Debug|Any CPU
		Release|Any CPU = Release|Any CPU
	EndGlobalSection
	GlobalSection(ProjectConfigurationPlatforms) = postSolution
		{EEF49B53-0182-41DB-AE2C-073645F67DA3}.Debug|Any CPU.ActiveCfg = Debug|Any CPU
		{EEF49B53-0182-41DB-AE2C-073645F67DA3}.Debug|Any CPU.Build.0 = Debug|Any CPU
		{EEF49B53-0182-41DB-AE2C-073645F67DA3}.Release|Any CPU.ActiveCfg = Release|Any CPU
		{EEF49B53-0182-41DB-AE2C-073645F67DA3}.Release|Any CPU.Build.0 = Release|Any CPU
	EndGlobalSection
	GlobalSection(SolutionProperties) = preSolution
		HideSolutionNode = FALSE
	EndGlobalSection
	GlobalSection(ExtensibilityGlobals) = postSolution
		SolutionGuid = {6FDEB374-8EB0-451D-80D9-65E592EEDE42}
	EndGlobalSection
EndGlobal
